// !$*UTF8*$!
{
	archiveVersion = 1;
	classes = {
	};
	objectVersion = 56;
	objects = {

/* Begin PBXBuildFile section */
		5E3283D82D2E5FA000A5DC94 /* AppDelegate.swift in Sources */ = {isa = PBXBuildFile; fileRef = 5E3283D72D2E5FA000A5DC94 /* AppDelegate.swift */; };
		5E3283DA2D2E5FA000A5DC94 /* SceneDelegate.swift in Sources */ = {isa = PBXBuildFile; fileRef = 5E3283D92D2E5FA000A5DC94 /* SceneDelegate.swift */; };
		5E3283DC2D2E5FA000A5DC94 /* ViewController.swift in Sources */ = {isa = PBXBuildFile; fileRef = 5E3283DB2D2E5FA000A5DC94 /* ViewController.swift */; };
		5E3283DF2D2E5FA000A5DC94 /* Main.storyboard in Resources */ = {isa = PBXBuildFile; fileRef = 5E3283DD2D2E5FA000A5DC94 /* Main.storyboard */; };
		5E3283E12D2E5FA300A5DC94 /* Assets.xcassets in Resources */ = {isa = PBXBuildFile; fileRef = 5E3283E02D2E5FA300A5DC94 /* Assets.xcassets */; };
		5E3283E42D2E5FA300A5DC94 /* LaunchScreen.storyboard in Resources */ = {isa = PBXBuildFile; fileRef = 5E3283E22D2E5FA300A5DC94 /* LaunchScreen.storyboard */; };
		5E3283EC2D2E653200A5DC94 /* Restaurant.swift in Sources */ = {isa = PBXBuildFile; fileRef = 5E3283EB2D2E653200A5DC94 /* Restaurant.swift */; };
		5E3283EF2D2E654800A5DC94 /* Kingfisher in Frameworks */ = {isa = PBXBuildFile; productRef = 5E3283EE2D2E654800A5DC94 /* Kingfisher */; };
		5E3283F32D2E6ADB00A5DC94 /* mapkitViewModel.swift in Sources */ = {isa = PBXBuildFile; fileRef = 5E3283F22D2E6ADB00A5DC94 /* mapkitViewModel.swift */; };
		5E3283F52D2E9ACF00A5DC94 /* GameViewController.swift in Sources */ = {isa = PBXBuildFile; fileRef = 5E3283F42D2E9ACF00A5DC94 /* GameViewController.swift */; };
		5E3283FF2D2FC54E00A5DC94 /* StartGameViewController.swift in Sources */ = {isa = PBXBuildFile; fileRef = 5E3283FE2D2FC54E00A5DC94 /* StartGameViewController.swift */; };
		5E3284012D2FC63B00A5DC94 /* UpDownGameViewController.swift in Sources */ = {isa = PBXBuildFile; fileRef = 5E3284002D2FC63B00A5DC94 /* UpDownGameViewController.swift */; };
		5E3284032D2FCE8300A5DC94 /* Extension.swift in Sources */ = {isa = PBXBuildFile; fileRef = 5E3284022D2FCE8300A5DC94 /* Extension.swift */; };
		5E3284062D2FD0CC00A5DC94 /* UpDownCollectionViewCell.swift in Sources */ = {isa = PBXBuildFile; fileRef = 5E3284042D2FD0CC00A5DC94 /* UpDownCollectionViewCell.swift */; };
		5E3284072D2FD0CC00A5DC94 /* UpDownCollectionViewCell.xib in Resources */ = {isa = PBXBuildFile; fileRef = 5E3284052D2FD0CC00A5DC94 /* UpDownCollectionViewCell.xib */; };
		5E3284122D32573800A5DC94 /* ChattingData.swift in Sources */ = {isa = PBXBuildFile; fileRef = 5E3284112D32573800A5DC94 /* ChattingData.swift */; };
		5E3284152D32576700A5DC94 /* Chatting.storyboard in Resources */ = {isa = PBXBuildFile; fileRef = 5E3284142D32576700A5DC94 /* Chatting.storyboard */; };
		5E3284172D32586C00A5DC94 /* TravelTalkViewController.swift in Sources */ = {isa = PBXBuildFile; fileRef = 5E3284162D32586C00A5DC94 /* TravelTalkViewController.swift */; };
		5E32841A2D32597500A5DC94 /* TravelTalkTableViewCell.swift in Sources */ = {isa = PBXBuildFile; fileRef = 5E3284182D32597500A5DC94 /* TravelTalkTableViewCell.swift */; };
		5E32841B2D32597500A5DC94 /* TravelTalkTableViewCell.xib in Resources */ = {isa = PBXBuildFile; fileRef = 5E3284192D32597500A5DC94 /* TravelTalkTableViewCell.xib */; };
		5E32841D2D32D06400A5DC94 /* ChattingViewController.swift in Sources */ = {isa = PBXBuildFile; fileRef = 5E32841C2D32D06300A5DC94 /* ChattingViewController.swift */; };
		5E3284222D33A6AA00A5DC94 /* TravelTalkMultiTableViewCell.swift in Sources */ = {isa = PBXBuildFile; fileRef = 5E3284202D33A6AA00A5DC94 /* TravelTalkMultiTableViewCell.swift */; };
		5E3284232D33A6AA00A5DC94 /* TravelTalkMultiTableViewCell.xib in Resources */ = {isa = PBXBuildFile; fileRef = 5E3284212D33A6AA00A5DC94 /* TravelTalkMultiTableViewCell.xib */; };
		5E3284262D33D3F100A5DC94 /* ChattingTableViewCell.swift in Sources */ = {isa = PBXBuildFile; fileRef = 5E3284242D33D3F100A5DC94 /* ChattingTableViewCell.swift */; };
		5E3284272D33D3F100A5DC94 /* ChattingTableViewCell.xib in Resources */ = {isa = PBXBuildFile; fileRef = 5E3284252D33D3F100A5DC94 /* ChattingTableViewCell.xib */; };
		5E32842A2D33EE4A00A5DC94 /* UserchattingTableViewCell.swift in Sources */ = {isa = PBXBuildFile; fileRef = 5E3284282D33EE4A00A5DC94 /* UserchattingTableViewCell.swift */; };
		5E32842B2D33EE4A00A5DC94 /* UserchattingTableViewCell.xib in Resources */ = {isa = PBXBuildFile; fileRef = 5E3284292D33EE4A00A5DC94 /* UserchattingTableViewCell.xib */; };
		5E32842E2D34167D00A5DC94 /* ChangeDayTableViewCell.swift in Sources */ = {isa = PBXBuildFile; fileRef = 5E32842C2D34167D00A5DC94 /* ChangeDayTableViewCell.swift */; };
		5E32842F2D34167D00A5DC94 /* ChangeDayTableViewCell.xib in Resources */ = {isa = PBXBuildFile; fileRef = 5E32842D2D34167D00A5DC94 /* ChangeDayTableViewCell.xib */; };
/* End PBXBuildFile section */

/* Begin PBXFileReference section */
		5E3283D42D2E5FA000A5DC94 /* SeSacHW11.app */ = {isa = PBXFileReference; explicitFileType = wrapper.application; includeInIndex = 0; path = SeSacHW11.app; sourceTree = BUILT_PRODUCTS_DIR; };
		5E3283D72D2E5FA000A5DC94 /* AppDelegate.swift */ = {isa = PBXFileReference; lastKnownFileType = sourcecode.swift; path = AppDelegate.swift; sourceTree = "<group>"; };
		5E3283D92D2E5FA000A5DC94 /* SceneDelegate.swift */ = {isa = PBXFileReference; lastKnownFileType = sourcecode.swift; path = SceneDelegate.swift; sourceTree = "<group>"; };
		5E3283DB2D2E5FA000A5DC94 /* ViewController.swift */ = {isa = PBXFileReference; lastKnownFileType = sourcecode.swift; path = ViewController.swift; sourceTree = "<group>"; };
		5E3283DE2D2E5FA000A5DC94 /* Base */ = {isa = PBXFileReference; lastKnownFileType = file.storyboard; name = Base; path = Base.lproj/Main.storyboard; sourceTree = "<group>"; };
		5E3283E02D2E5FA300A5DC94 /* Assets.xcassets */ = {isa = PBXFileReference; lastKnownFileType = folder.assetcatalog; path = Assets.xcassets; sourceTree = "<group>"; };
		5E3283E32D2E5FA300A5DC94 /* Base */ = {isa = PBXFileReference; lastKnownFileType = file.storyboard; name = Base; path = Base.lproj/LaunchScreen.storyboard; sourceTree = "<group>"; };
		5E3283E52D2E5FA300A5DC94 /* Info.plist */ = {isa = PBXFileReference; lastKnownFileType = text.plist.xml; path = Info.plist; sourceTree = "<group>"; };
		5E3283EB2D2E653200A5DC94 /* Restaurant.swift */ = {isa = PBXFileReference; fileEncoding = 4; lastKnownFileType = sourcecode.swift; path = Restaurant.swift; sourceTree = "<group>"; };
		5E3283F22D2E6ADB00A5DC94 /* mapkitViewModel.swift */ = {isa = PBXFileReference; lastKnownFileType = sourcecode.swift; path = mapkitViewModel.swift; sourceTree = "<group>"; };
		5E3283F42D2E9ACF00A5DC94 /* GameViewController.swift */ = {isa = PBXFileReference; lastKnownFileType = sourcecode.swift; path = GameViewController.swift; sourceTree = "<group>"; };
		5E3283FE2D2FC54E00A5DC94 /* StartGameViewController.swift */ = {isa = PBXFileReference; lastKnownFileType = sourcecode.swift; path = StartGameViewController.swift; sourceTree = "<group>"; };
		5E3284002D2FC63B00A5DC94 /* UpDownGameViewController.swift */ = {isa = PBXFileReference; lastKnownFileType = sourcecode.swift; path = UpDownGameViewController.swift; sourceTree = "<group>"; };
		5E3284022D2FCE8300A5DC94 /* Extension.swift */ = {isa = PBXFileReference; lastKnownFileType = sourcecode.swift; path = Extension.swift; sourceTree = "<group>"; };
		5E3284042D2FD0CC00A5DC94 /* UpDownCollectionViewCell.swift */ = {isa = PBXFileReference; lastKnownFileType = sourcecode.swift; path = UpDownCollectionViewCell.swift; sourceTree = "<group>"; };
		5E3284052D2FD0CC00A5DC94 /* UpDownCollectionViewCell.xib */ = {isa = PBXFileReference; lastKnownFileType = file.xib; path = UpDownCollectionViewCell.xib; sourceTree = "<group>"; };
		5E3284112D32573800A5DC94 /* ChattingData.swift */ = {isa = PBXFileReference; fileEncoding = 4; lastKnownFileType = sourcecode.swift; path = ChattingData.swift; sourceTree = "<group>"; };
		5E3284142D32576700A5DC94 /* Chatting.storyboard */ = {isa = PBXFileReference; lastKnownFileType = file.storyboard; path = Chatting.storyboard; sourceTree = "<group>"; };
		5E3284162D32586C00A5DC94 /* TravelTalkViewController.swift */ = {isa = PBXFileReference; lastKnownFileType = sourcecode.swift; path = TravelTalkViewController.swift; sourceTree = "<group>"; };
		5E3284182D32597500A5DC94 /* TravelTalkTableViewCell.swift */ = {isa = PBXFileReference; lastKnownFileType = sourcecode.swift; path = TravelTalkTableViewCell.swift; sourceTree = "<group>"; };
		5E3284192D32597500A5DC94 /* TravelTalkTableViewCell.xib */ = {isa = PBXFileReference; lastKnownFileType = file.xib; path = TravelTalkTableViewCell.xib; sourceTree = "<group>"; };
		5E32841C2D32D06300A5DC94 /* ChattingViewController.swift */ = {isa = PBXFileReference; lastKnownFileType = sourcecode.swift; path = ChattingViewController.swift; sourceTree = "<group>"; };
		5E3284202D33A6AA00A5DC94 /* TravelTalkMultiTableViewCell.swift */ = {isa = PBXFileReference; lastKnownFileType = sourcecode.swift; path = TravelTalkMultiTableViewCell.swift; sourceTree = "<group>"; };
		5E3284212D33A6AA00A5DC94 /* TravelTalkMultiTableViewCell.xib */ = {isa = PBXFileReference; lastKnownFileType = file.xib; path = TravelTalkMultiTableViewCell.xib; sourceTree = "<group>"; };
		5E3284242D33D3F100A5DC94 /* ChattingTableViewCell.swift */ = {isa = PBXFileReference; lastKnownFileType = sourcecode.swift; path = ChattingTableViewCell.swift; sourceTree = "<group>"; };
		5E3284252D33D3F100A5DC94 /* ChattingTableViewCell.xib */ = {isa = PBXFileReference; lastKnownFileType = file.xib; path = ChattingTableViewCell.xib; sourceTree = "<group>"; };
		5E3284282D33EE4A00A5DC94 /* UserchattingTableViewCell.swift */ = {isa = PBXFileReference; lastKnownFileType = sourcecode.swift; path = UserchattingTableViewCell.swift; sourceTree = "<group>"; };
		5E3284292D33EE4A00A5DC94 /* UserchattingTableViewCell.xib */ = {isa = PBXFileReference; lastKnownFileType = file.xib; path = UserchattingTableViewCell.xib; sourceTree = "<group>"; };
		5E32842C2D34167D00A5DC94 /* ChangeDayTableViewCell.swift */ = {isa = PBXFileReference; lastKnownFileType = sourcecode.swift; path = ChangeDayTableViewCell.swift; sourceTree = "<group>"; };
		5E32842D2D34167D00A5DC94 /* ChangeDayTableViewCell.xib */ = {isa = PBXFileReference; lastKnownFileType = file.xib; path = ChangeDayTableViewCell.xib; sourceTree = "<group>"; };
/* End PBXFileReference section */

/* Begin PBXFrameworksBuildPhase section */
		5E3283D12D2E5FA000A5DC94 /* Frameworks */ = {
			isa = PBXFrameworksBuildPhase;
			buildActionMask = 2147483647;
			files = (
				5E3283EF2D2E654800A5DC94 /* Kingfisher in Frameworks */,
			);
			runOnlyForDeploymentPostprocessing = 0;
		};
/* End PBXFrameworksBuildPhase section */

/* Begin PBXGroup section */
		5E3283CB2D2E5FA000A5DC94 = {
			isa = PBXGroup;
			children = (
				5E3283D62D2E5FA000A5DC94 /* SeSacHW11 */,
				5E3283D52D2E5FA000A5DC94 /* Products */,
			);
			sourceTree = "<group>";
		};
		5E3283D52D2E5FA000A5DC94 /* Products */ = {
			isa = PBXGroup;
			children = (
				5E3283D42D2E5FA000A5DC94 /* SeSacHW11.app */,
			);
			name = Products;
			sourceTree = "<group>";
		};
		5E3283D62D2E5FA000A5DC94 /* SeSacHW11 */ = {
			isa = PBXGroup;
			children = (
				5E3284132D32574600A5DC94 /* ChattingDemo */,
				5E3284102D3178E100A5DC94 /* UpDownGame */,
				5E3283D72D2E5FA000A5DC94 /* AppDelegate.swift */,
				5E3283D92D2E5FA000A5DC94 /* SceneDelegate.swift */,
				5E3283DB2D2E5FA000A5DC94 /* ViewController.swift */,
				5E3283F22D2E6ADB00A5DC94 /* mapkitViewModel.swift */,
				5E3283DD2D2E5FA000A5DC94 /* Main.storyboard */,
				5E3283E02D2E5FA300A5DC94 /* Assets.xcassets */,
				5E3283E22D2E5FA300A5DC94 /* LaunchScreen.storyboard */,
				5E3283E52D2E5FA300A5DC94 /* Info.plist */,
				5E3283EB2D2E653200A5DC94 /* Restaurant.swift */,
				5E3283F42D2E9ACF00A5DC94 /* GameViewController.swift */,
				5E3284022D2FCE8300A5DC94 /* Extension.swift */,
				5E3284112D32573800A5DC94 /* ChattingData.swift */,
			);
			path = SeSacHW11;
			sourceTree = "<group>";
		};
		5E3284102D3178E100A5DC94 /* UpDownGame */ = {
			isa = PBXGroup;
			children = (
				5E3284002D2FC63B00A5DC94 /* UpDownGameViewController.swift */,
				5E3283FE2D2FC54E00A5DC94 /* StartGameViewController.swift */,
				5E3284042D2FD0CC00A5DC94 /* UpDownCollectionViewCell.swift */,
				5E3284052D2FD0CC00A5DC94 /* UpDownCollectionViewCell.xib */,
			);
			path = UpDownGame;
			sourceTree = "<group>";
		};
		5E3284132D32574600A5DC94 /* ChattingDemo */ = {
			isa = PBXGroup;
			children = (
				5E3284312D3422BF00A5DC94 /* TravelTalkView */,
				5E3284302D34229F00A5DC94 /* ChattingView */,
				5E3284142D32576700A5DC94 /* Chatting.storyboard */,
				5E32842C2D34167D00A5DC94 /* ChangeDayTableViewCell.swift */,
				5E32842D2D34167D00A5DC94 /* ChangeDayTableViewCell.xib */,
			);
			path = ChattingDemo;
			sourceTree = "<group>";
		};
		5E3284302D34229F00A5DC94 /* ChattingView */ = {
			isa = PBXGroup;
			children = (
				5E32841C2D32D06300A5DC94 /* ChattingViewController.swift */,
				5E3284242D33D3F100A5DC94 /* ChattingTableViewCell.swift */,
				5E3284252D33D3F100A5DC94 /* ChattingTableViewCell.xib */,
				5E3284282D33EE4A00A5DC94 /* UserchattingTableViewCell.swift */,
				5E3284292D33EE4A00A5DC94 /* UserchattingTableViewCell.xib */,
			);
			path = ChattingView;
			sourceTree = "<group>";
		};
		5E3284312D3422BF00A5DC94 /* TravelTalkView */ = {
			isa = PBXGroup;
			children = (
				5E3284162D32586C00A5DC94 /* TravelTalkViewController.swift */,
				5E3284212D33A6AA00A5DC94 /* TravelTalkMultiTableViewCell.xib */,
				5E3284202D33A6AA00A5DC94 /* TravelTalkMultiTableViewCell.swift */,
				5E3284192D32597500A5DC94 /* TravelTalkTableViewCell.xib */,
				5E3284182D32597500A5DC94 /* TravelTalkTableViewCell.swift */,
			);
			path = TravelTalkView;
			sourceTree = "<group>";
		};
/* End PBXGroup section */

/* Begin PBXNativeTarget section */
		5E3283D32D2E5FA000A5DC94 /* SeSacHW11 */ = {
			isa = PBXNativeTarget;
			buildConfigurationList = 5E3283E82D2E5FA300A5DC94 /* Build configuration list for PBXNativeTarget "SeSacHW11" */;
			buildPhases = (
				5E3283D02D2E5FA000A5DC94 /* Sources */,
				5E3283D12D2E5FA000A5DC94 /* Frameworks */,
				5E3283D22D2E5FA000A5DC94 /* Resources */,
			);
			buildRules = (
			);
			dependencies = (
			);
			name = SeSacHW11;
			packageProductDependencies = (
				5E3283EE2D2E654800A5DC94 /* Kingfisher */,
			);
			productName = SeSacHW11;
			productReference = 5E3283D42D2E5FA000A5DC94 /* SeSacHW11.app */;
			productType = "com.apple.product-type.application";
		};
/* End PBXNativeTarget section */

/* Begin PBXProject section */
		5E3283CC2D2E5FA000A5DC94 /* Project object */ = {
			isa = PBXProject;
			attributes = {
				BuildIndependentTargetsInParallel = 1;
				LastSwiftUpdateCheck = 1520;
				LastUpgradeCheck = 1520;
				TargetAttributes = {
					5E3283D32D2E5FA000A5DC94 = {
						CreatedOnToolsVersion = 15.2;
					};
				};
			};
			buildConfigurationList = 5E3283CF2D2E5FA000A5DC94 /* Build configuration list for PBXProject "SeSacHW11" */;
			compatibilityVersion = "Xcode 14.0";
			developmentRegion = en;
			hasScannedForEncodings = 0;
			knownRegions = (
				en,
				Base,
			);
			mainGroup = 5E3283CB2D2E5FA000A5DC94;
			packageReferences = (
				5E3283ED2D2E654800A5DC94 /* XCRemoteSwiftPackageReference "Kingfisher" */,
			);
			productRefGroup = 5E3283D52D2E5FA000A5DC94 /* Products */;
			projectDirPath = "";
			projectRoot = "";
			targets = (
				5E3283D32D2E5FA000A5DC94 /* SeSacHW11 */,
			);
		};
/* End PBXProject section */

/* Begin PBXResourcesBuildPhase section */
		5E3283D22D2E5FA000A5DC94 /* Resources */ = {
			isa = PBXResourcesBuildPhase;
			buildActionMask = 2147483647;
			files = (
				5E3283E42D2E5FA300A5DC94 /* LaunchScreen.storyboard in Resources */,
				5E3284072D2FD0CC00A5DC94 /* UpDownCollectionViewCell.xib in Resources */,
				5E3283E12D2E5FA300A5DC94 /* Assets.xcassets in Resources */,
				5E32841B2D32597500A5DC94 /* TravelTalkTableViewCell.xib in Resources */,
				5E3283DF2D2E5FA000A5DC94 /* Main.storyboard in Resources */,
				5E32842B2D33EE4A00A5DC94 /* UserchattingTableViewCell.xib in Resources */,
				5E32842F2D34167D00A5DC94 /* ChangeDayTableViewCell.xib in Resources */,
				5E3284152D32576700A5DC94 /* Chatting.storyboard in Resources */,
				5E3284232D33A6AA00A5DC94 /* TravelTalkMultiTableViewCell.xib in Resources */,
				5E3284272D33D3F100A5DC94 /* ChattingTableViewCell.xib in Resources */,
			);
			runOnlyForDeploymentPostprocessing = 0;
		};
/* End PBXResourcesBuildPhase section */

/* Begin PBXSourcesBuildPhase section */
		5E3283D02D2E5FA000A5DC94 /* Sources */ = {
			isa = PBXSourcesBuildPhase;
			buildActionMask = 2147483647;
			files = (
				5E3284032D2FCE8300A5DC94 /* Extension.swift in Sources */,
				5E3284222D33A6AA00A5DC94 /* TravelTalkMultiTableViewCell.swift in Sources */,
				5E3283FF2D2FC54E00A5DC94 /* StartGameViewController.swift in Sources */,
				5E3284172D32586C00A5DC94 /* TravelTalkViewController.swift in Sources */,
				5E3283EC2D2E653200A5DC94 /* Restaurant.swift in Sources */,
				5E3284122D32573800A5DC94 /* ChattingData.swift in Sources */,
				5E3284062D2FD0CC00A5DC94 /* UpDownCollectionViewCell.swift in Sources */,
				5E3283DC2D2E5FA000A5DC94 /* ViewController.swift in Sources */,
				5E3283D82D2E5FA000A5DC94 /* AppDelegate.swift in Sources */,
				5E32841D2D32D06400A5DC94 /* ChattingViewController.swift in Sources */,
				5E3283DA2D2E5FA000A5DC94 /* SceneDelegate.swift in Sources */,
				5E3284262D33D3F100A5DC94 /* ChattingTableViewCell.swift in Sources */,
				5E32842A2D33EE4A00A5DC94 /* UserchattingTableViewCell.swift in Sources */,
				5E3283F52D2E9ACF00A5DC94 /* GameViewController.swift in Sources */,
				5E32841A2D32597500A5DC94 /* TravelTalkTableViewCell.swift in Sources */,
				5E3283F32D2E6ADB00A5DC94 /* mapkitViewModel.swift in Sources */,
				5E32842E2D34167D00A5DC94 /* ChangeDayTableViewCell.swift in Sources */,
				5E3284012D2FC63B00A5DC94 /* UpDownGameViewController.swift in Sources */,
			);
			runOnlyForDeploymentPostprocessing = 0;
		};
/* End PBXSourcesBuildPhase section */

/* Begin PBXVariantGroup section */
		5E3283DD2D2E5FA000A5DC94 /* Main.storyboard */ = {
			isa = PBXVariantGroup;
			children = (
				5E3283DE2D2E5FA000A5DC94 /* Base */,
			);
			name = Main.storyboard;
			sourceTree = "<group>";
		};
		5E3283E22D2E5FA300A5DC94 /* LaunchScreen.storyboard */ = {
			isa = PBXVariantGroup;
			children = (
				5E3283E32D2E5FA300A5DC94 /* Base */,
			);
			name = LaunchScreen.storyboard;
			sourceTree = "<group>";
		};
/* End PBXVariantGroup section */

/* Begin XCBuildConfiguration section */
		5E3283E62D2E5FA300A5DC94 /* Debug */ = {
			isa = XCBuildConfiguration;
			buildSettings = {
				ALWAYS_SEARCH_USER_PATHS = NO;
				ASSETCATALOG_COMPILER_GENERATE_SWIFT_ASSET_SYMBOL_EXTENSIONS = YES;
				CLANG_ANALYZER_NONNULL = YES;
				CLANG_ANALYZER_NUMBER_OBJECT_CONVERSION = YES_AGGRESSIVE;
				CLANG_CXX_LANGUAGE_STANDARD = "gnu++20";
				CLANG_ENABLE_MODULES = YES;
				CLANG_ENABLE_OBJC_ARC = YES;
				CLANG_ENABLE_OBJC_WEAK = YES;
				CLANG_WARN_BLOCK_CAPTURE_AUTORELEASING = YES;
				CLANG_WARN_BOOL_CONVERSION = YES;
				CLANG_WARN_COMMA = YES;
				CLANG_WARN_CONSTANT_CONVERSION = YES;
				CLANG_WARN_DEPRECATED_OBJC_IMPLEMENTATIONS = YES;
				CLANG_WARN_DIRECT_OBJC_ISA_USAGE = YES_ERROR;
				CLANG_WARN_DOCUMENTATION_COMMENTS = YES;
				CLANG_WARN_EMPTY_BODY = YES;
				CLANG_WARN_ENUM_CONVERSION = YES;
				CLANG_WARN_INFINITE_RECURSION = YES;
				CLANG_WARN_INT_CONVERSION = YES;
				CLANG_WARN_NON_LITERAL_NULL_CONVERSION = YES;
				CLANG_WARN_OBJC_IMPLICIT_RETAIN_SELF = YES;
				CLANG_WARN_OBJC_LITERAL_CONVERSION = YES;
				CLANG_WARN_OBJC_ROOT_CLASS = YES_ERROR;
				CLANG_WARN_QUOTED_INCLUDE_IN_FRAMEWORK_HEADER = YES;
				CLANG_WARN_RANGE_LOOP_ANALYSIS = YES;
				CLANG_WARN_STRICT_PROTOTYPES = YES;
				CLANG_WARN_SUSPICIOUS_MOVE = YES;
				CLANG_WARN_UNGUARDED_AVAILABILITY = YES_AGGRESSIVE;
				CLANG_WARN_UNREACHABLE_CODE = YES;
				CLANG_WARN__DUPLICATE_METHOD_MATCH = YES;
				COPY_PHASE_STRIP = NO;
				DEBUG_INFORMATION_FORMAT = dwarf;
				ENABLE_STRICT_OBJC_MSGSEND = YES;
				ENABLE_TESTABILITY = YES;
				ENABLE_USER_SCRIPT_SANDBOXING = YES;
				GCC_C_LANGUAGE_STANDARD = gnu17;
				GCC_DYNAMIC_NO_PIC = NO;
				GCC_NO_COMMON_BLOCKS = YES;
				GCC_OPTIMIZATION_LEVEL = 0;
				GCC_PREPROCESSOR_DEFINITIONS = (
					"DEBUG=1",
					"$(inherited)",
				);
				GCC_WARN_64_TO_32_BIT_CONVERSION = YES;
				GCC_WARN_ABOUT_RETURN_TYPE = YES_ERROR;
				GCC_WARN_UNDECLARED_SELECTOR = YES;
				GCC_WARN_UNINITIALIZED_AUTOS = YES_AGGRESSIVE;
				GCC_WARN_UNUSED_FUNCTION = YES;
				GCC_WARN_UNUSED_VARIABLE = YES;
				IPHONEOS_DEPLOYMENT_TARGET = 17.2;
				LOCALIZATION_PREFERS_STRING_CATALOGS = YES;
				MTL_ENABLE_DEBUG_INFO = INCLUDE_SOURCE;
				MTL_FAST_MATH = YES;
				ONLY_ACTIVE_ARCH = YES;
				SDKROOT = iphoneos;
				SWIFT_ACTIVE_COMPILATION_CONDITIONS = "DEBUG $(inherited)";
				SWIFT_OPTIMIZATION_LEVEL = "-Onone";
			};
			name = Debug;
		};
		5E3283E72D2E5FA300A5DC94 /* Release */ = {
			isa = XCBuildConfiguration;
			buildSettings = {
				ALWAYS_SEARCH_USER_PATHS = NO;
				ASSETCATALOG_COMPILER_GENERATE_SWIFT_ASSET_SYMBOL_EXTENSIONS = YES;
				CLANG_ANALYZER_NONNULL = YES;
				CLANG_ANALYZER_NUMBER_OBJECT_CONVERSION = YES_AGGRESSIVE;
				CLANG_CXX_LANGUAGE_STANDARD = "gnu++20";
				CLANG_ENABLE_MODULES = YES;
				CLANG_ENABLE_OBJC_ARC = YES;
				CLANG_ENABLE_OBJC_WEAK = YES;
				CLANG_WARN_BLOCK_CAPTURE_AUTORELEASING = YES;
				CLANG_WARN_BOOL_CONVERSION = YES;
				CLANG_WARN_COMMA = YES;
				CLANG_WARN_CONSTANT_CONVERSION = YES;
				CLANG_WARN_DEPRECATED_OBJC_IMPLEMENTATIONS = YES;
				CLANG_WARN_DIRECT_OBJC_ISA_USAGE = YES_ERROR;
				CLANG_WARN_DOCUMENTATION_COMMENTS = YES;
				CLANG_WARN_EMPTY_BODY = YES;
				CLANG_WARN_ENUM_CONVERSION = YES;
				CLANG_WARN_INFINITE_RECURSION = YES;
				CLANG_WARN_INT_CONVERSION = YES;
				CLANG_WARN_NON_LITERAL_NULL_CONVERSION = YES;
				CLANG_WARN_OBJC_IMPLICIT_RETAIN_SELF = YES;
				CLANG_WARN_OBJC_LITERAL_CONVERSION = YES;
				CLANG_WARN_OBJC_ROOT_CLASS = YES_ERROR;
				CLANG_WARN_QUOTED_INCLUDE_IN_FRAMEWORK_HEADER = YES;
				CLANG_WARN_RANGE_LOOP_ANALYSIS = YES;
				CLANG_WARN_STRICT_PROTOTYPES = YES;
				CLANG_WARN_SUSPICIOUS_MOVE = YES;
				CLANG_WARN_UNGUARDED_AVAILABILITY = YES_AGGRESSIVE;
				CLANG_WARN_UNREACHABLE_CODE = YES;
				CLANG_WARN__DUPLICATE_METHOD_MATCH = YES;
				COPY_PHASE_STRIP = NO;
				DEBUG_INFORMATION_FORMAT = "dwarf-with-dsym";
				ENABLE_NS_ASSERTIONS = NO;
				ENABLE_STRICT_OBJC_MSGSEND = YES;
				ENABLE_USER_SCRIPT_SANDBOXING = YES;
				GCC_C_LANGUAGE_STANDARD = gnu17;
				GCC_NO_COMMON_BLOCKS = YES;
				GCC_WARN_64_TO_32_BIT_CONVERSION = YES;
				GCC_WARN_ABOUT_RETURN_TYPE = YES_ERROR;
				GCC_WARN_UNDECLARED_SELECTOR = YES;
				GCC_WARN_UNINITIALIZED_AUTOS = YES_AGGRESSIVE;
				GCC_WARN_UNUSED_FUNCTION = YES;
				GCC_WARN_UNUSED_VARIABLE = YES;
				IPHONEOS_DEPLOYMENT_TARGET = 17.2;
				LOCALIZATION_PREFERS_STRING_CATALOGS = YES;
				MTL_ENABLE_DEBUG_INFO = NO;
				MTL_FAST_MATH = YES;
				SDKROOT = iphoneos;
				SWIFT_COMPILATION_MODE = wholemodule;
				VALIDATE_PRODUCT = YES;
			};
			name = Release;
		};
		5E3283E92D2E5FA300A5DC94 /* Debug */ = {
			isa = XCBuildConfiguration;
			buildSettings = {
				ASSETCATALOG_COMPILER_APPICON_NAME = AppIcon;
				ASSETCATALOG_COMPILER_GLOBAL_ACCENT_COLOR_NAME = AccentColor;
				CODE_SIGN_STYLE = Automatic;
				CURRENT_PROJECT_VERSION = 1;
				GENERATE_INFOPLIST_FILE = YES;
				INFOPLIST_FILE = SeSacHW11/Info.plist;
				INFOPLIST_KEY_UIApplicationSupportsIndirectInputEvents = YES;
				INFOPLIST_KEY_UILaunchStoryboardName = LaunchScreen;
				INFOPLIST_KEY_UIMainStoryboardFile = Main;
				INFOPLIST_KEY_UISupportedInterfaceOrientations_iPad = "UIInterfaceOrientationPortrait UIInterfaceOrientationPortraitUpsideDown UIInterfaceOrientationLandscapeLeft UIInterfaceOrientationLandscapeRight";
				INFOPLIST_KEY_UISupportedInterfaceOrientations_iPhone = "UIInterfaceOrientationPortrait UIInterfaceOrientationLandscapeLeft UIInterfaceOrientationLandscapeRight";
				LD_RUNPATH_SEARCH_PATHS = (
					"$(inherited)",
					"@executable_path/Frameworks",
				);
				MARKETING_VERSION = 1.0;
				PRODUCT_BUNDLE_IDENTIFIER = com.hoon.SeSacHW11;
				PRODUCT_NAME = "$(TARGET_NAME)";
				SUPPORTED_PLATFORMS = "iphoneos iphonesimulator";
				SUPPORTS_MACCATALYST = NO;
				SUPPORTS_MAC_DESIGNED_FOR_IPHONE_IPAD = NO;
				SUPPORTS_XR_DESIGNED_FOR_IPHONE_IPAD = NO;
				SWIFT_EMIT_LOC_STRINGS = YES;
				SWIFT_VERSION = 5.0;
				TARGETED_DEVICE_FAMILY = 1;
			};
			name = Debug;
		};
		5E3283EA2D2E5FA300A5DC94 /* Release */ = {
			isa = XCBuildConfiguration;
			buildSettings = {
				ASSETCATALOG_COMPILER_APPICON_NAME = AppIcon;
				ASSETCATALOG_COMPILER_GLOBAL_ACCENT_COLOR_NAME = AccentColor;
				CODE_SIGN_STYLE = Automatic;
				CURRENT_PROJECT_VERSION = 1;
				GENERATE_INFOPLIST_FILE = YES;
				INFOPLIST_FILE = SeSacHW11/Info.plist;
				INFOPLIST_KEY_UIApplicationSupportsIndirectInputEvents = YES;
				INFOPLIST_KEY_UILaunchStoryboardName = LaunchScreen;
				INFOPLIST_KEY_UIMainStoryboardFile = Main;
				INFOPLIST_KEY_UISupportedInterfaceOrientations_iPad = "UIInterfaceOrientationPortrait UIInterfaceOrientationPortraitUpsideDown UIInterfaceOrientationLandscapeLeft UIInterfaceOrientationLandscapeRight";
				INFOPLIST_KEY_UISupportedInterfaceOrientations_iPhone = "UIInterfaceOrientationPortrait UIInterfaceOrientationLandscapeLeft UIInterfaceOrientationLandscapeRight";
				LD_RUNPATH_SEARCH_PATHS = (
					"$(inherited)",
					"@executable_path/Frameworks",
				);
				MARKETING_VERSION = 1.0;
				PRODUCT_BUNDLE_IDENTIFIER = com.hoon.SeSacHW11;
				PRODUCT_NAME = "$(TARGET_NAME)";
				SUPPORTED_PLATFORMS = "iphoneos iphonesimulator";
				SUPPORTS_MACCATALYST = NO;
				SUPPORTS_MAC_DESIGNED_FOR_IPHONE_IPAD = NO;
				SUPPORTS_XR_DESIGNED_FOR_IPHONE_IPAD = NO;
				SWIFT_EMIT_LOC_STRINGS = YES;
				SWIFT_VERSION = 5.0;
				TARGETED_DEVICE_FAMILY = 1;
			};
			name = Release;
		};
/* End XCBuildConfiguration section */

/* Begin XCConfigurationList section */
		5E3283CF2D2E5FA000A5DC94 /* Build configuration list for PBXProject "SeSacHW11" */ = {
			isa = XCConfigurationList;
			buildConfigurations = (
				5E3283E62D2E5FA300A5DC94 /* Debug */,
				5E3283E72D2E5FA300A5DC94 /* Release */,
			);
			defaultConfigurationIsVisible = 0;
			defaultConfigurationName = Release;
		};
		5E3283E82D2E5FA300A5DC94 /* Build configuration list for PBXNativeTarget "SeSacHW11" */ = {
			isa = XCConfigurationList;
			buildConfigurations = (
				5E3283E92D2E5FA300A5DC94 /* Debug */,
				5E3283EA2D2E5FA300A5DC94 /* Release */,
			);
			defaultConfigurationIsVisible = 0;
			defaultConfigurationName = Release;
		};
/* End XCConfigurationList section */

/* Begin XCRemoteSwiftPackageReference section */
		5E3283ED2D2E654800A5DC94 /* XCRemoteSwiftPackageReference "Kingfisher" */ = {
			isa = XCRemoteSwiftPackageReference;
			repositoryURL = "https://github.com/onevcat/Kingfisher";
			requirement = {
				kind = upToNextMajorVersion;
				minimumVersion = 8.1.3;
			};
		};
/* End XCRemoteSwiftPackageReference section */

/* Begin XCSwiftPackageProductDependency section */
		5E3283EE2D2E654800A5DC94 /* Kingfisher */ = {
			isa = XCSwiftPackageProductDependency;
			package = 5E3283ED2D2E654800A5DC94 /* XCRemoteSwiftPackageReference "Kingfisher" */;
			productName = Kingfisher;
		};
/* End XCSwiftPackageProductDependency section */
	};
	rootObject = 5E3283CC2D2E5FA000A5DC94 /* Project object */;
}
